
Microsoft Visual Studio Solution File, Format Version 12.00
# Visual Studio Version 17
VisualStudioVersion = 17.13.35919.96
MinimumVisualStudioVersion = 10.0.40219.1
Project("{FAE04EC0-301F-11D3-BF4B-00C04F79EFBC}") = "BlazorCloud", "BlazorCloud.csproj", "{CD9D37F2-10B6-40E3-8084-E14443A2A682}"
EndProject
Global
	GlobalSection(SolutionConfigurationPlatforms) = preSolution
		Debug|Any CPU = Debug|Any CPU
		Release|Any CPU = Release|Any CPU
	EndGlobalSection
	GlobalSection(ProjectConfigurationPlatforms) = postSolution
		{CD9D37F2-10B6-40E3-8084-E14443A2A682}.Debug|Any CPU.ActiveCfg = Debug|Any CPU
		{CD9D37F2-10B6-40E3-8084-E14443A2A682}.Debug|Any CPU.Build.0 = Debug|Any CPU
		{CD9D37F2-10B6-40E3-8084-E14443A2A682}.Release|Any CPU.ActiveCfg = Release|Any CPU
		{CD9D37F2-10B6-40E3-8084-E14443A2A682}.Release|Any CPU.Build.0 = Release|Any CPU
	EndGlobalSection
	GlobalSection(SolutionProperties) = preSolution
		HideSolutionNode = FALSE
	EndGlobalSection
	GlobalSection(ExtensibilityGlobals) = postSolution
		SolutionGuid = {6D905D17-426F-4C85-AC8C-95294CC92EC0}
	EndGlobalSection
EndGlobal
